{
  "name": "cg-web-skills",
  "version": "1.4.0",
  "lockfileVersion": 3,
  "requires": true,
  "packages": {
    "": {
      "name": "cg-web-skills",
      "version": "1.4.0",
      "license": "MIT",
      "bin": {
        "cg-web-skills": "src/cli.js"
      },
      "engines": {
        "node": ">=20"
      }
    }
  }
}
